{
  "nodes": {
    "devshell": {
      "inputs": {
        "flake-utils": [
          "flake-utils"
        ],
        "nixpkgs": [
          "nixpkgs-stable"
        ]
      },
      "locked": {
        "lastModified": 1671489820,
        "narHash": "sha256-qoei5HDJ8psd1YUPD7DhbHdhLIT9L2nadscp4Qk37uk=",
        "owner": "numtide",
        "repo": "devshell",
        "rev": "5aa3a8039c68b4bf869327446590f4cdf90bb634",
        "type": "github"
      },
      "original": {
        "owner": "numtide",
        "repo": "devshell",
        "type": "github"
      }
    },
    "flake-compat": {
      "flake": false,
      "locked": {
        "lastModified": 1673956053,
        "narHash": "sha256-4gtG9iQuiKITOjNQQeQIpoIB6b16fm+504Ch3sNKLd8=",
        "owner": "edolstra",
        "repo": "flake-compat",
        "rev": "35bb57c0c8d8b62bbfd284272c928ceb64ddbde9",
        "type": "github"
      },
      "original": {
        "owner": "edolstra",
        "repo": "flake-compat",
        "type": "github"
      }
    },
    "flake-utils": {
      "locked": {
        "lastModified": 1667395993,
        "narHash": "sha256-nuEHfE/LcWyuSWnS8t12N1wc105Qtau+/OdUAjtQ0rA=",
        "owner": "numtide",
        "repo": "flake-utils",
        "rev": "5aed5285a952e0b949eb3ba02c12fa4fcfef535f",
        "type": "github"
      },
      "original": {
        "owner": "numtide",
        "repo": "flake-utils",
        "type": "github"
      }
    },
    "mersenneforumorg": {
      "inputs": {
        "devshell": [
          "devshell"
        ],
        "flake-compat": [
          "flake-compat"
        ],
        "flake-utils": [
          "flake-utils"
        ],
        "nixpkgs-stable": [
          "nixpkgs-stable"
        ],
        "nixpkgs-unstable": [
          "nixpkgs-unstable"
        ],
        "qnixpkgs": [
          "qnixpkgs"
        ]
      },
      "locked": {
        "lastModified": 1672756873,
        "narHash": "sha256-FV0ZaGuzWnKsIRYx5ocSfOzsBuyeu9yxDbk4jZ4rOsk=",
        "owner": "quyo",
        "repo": "mersenneforumorg.nix",
        "rev": "7c4d8dfd8f5cbf166f2692924ad8bd03ed6bba8b",
        "type": "github"
      },
      "original": {
        "owner": "quyo",
        "repo": "mersenneforumorg.nix",
        "type": "github"
      }
    },
    "nixpkgs-stable": {
      "locked": {
        "lastModified": 1674995682,
        "narHash": "sha256-dZNjus9TVpxvsi+HBuKszI3XWNo+w2xfaFMOQGOW5MA=",
        "owner": "nixos",
        "repo": "nixpkgs",
        "rev": "46f75fd3eb91c71fb03fc981113a6f3d273ad499",
        "type": "github"
      },
      "original": {
        "owner": "nixos",
        "ref": "release-22.11",
        "repo": "nixpkgs",
        "type": "github"
      }
    },
    "nixpkgs-unstable": {
      "locked": {
        "lastModified": 1674928128,
        "narHash": "sha256-812NfR3LTa/qerDwb28dQ4MyCKammMJcOMFPQp/uU5Y=",
        "owner": "nixos",
        "repo": "nixpkgs",
        "rev": "8b0a35fffcb756f4ae6695bcffb50c5d0d383c6f",
        "type": "github"
      },
      "original": {
        "owner": "nixos",
        "ref": "nixpkgs-unstable",
        "repo": "nixpkgs",
        "type": "github"
      }
    },
    "qnixpkgs": {
      "inputs": {
        "devshell": [
          "devshell"
        ],
        "flake-compat": [
          "flake-compat"
        ],
        "flake-utils": [
          "flake-utils"
        ],
        "mersenneforumorg": [
          "mersenneforumorg"
        ],
        "nixpkgs-stable": [
          "nixpkgs-stable"
        ],
        "nixpkgs-unstable": [
          "nixpkgs-unstable"
        ],
        "qnixpkgs": [
          "qnixpkgs"
        ],
        "shellscripts": [
          "shellscripts"
        ]
      },
      "locked": {
        "lastModified": 1674918002,
        "narHash": "sha256-MRRgKyQMJhCCtyBmOluO6cAZ4nRFskRqh5X2zYH9WUQ=",
        "owner": "quyo",
        "repo": "qnixpkgs",
        "rev": "8ddca1a21cbc76efdcb04009409dcec6ddc13496",
        "type": "github"
      },
      "original": {
        "owner": "quyo",
        "repo": "qnixpkgs",
        "type": "github"
      }
    },
    "root": {
      "inputs": {
        "devshell": "devshell",
        "flake-compat": "flake-compat",
        "flake-utils": "flake-utils",
        "mersenneforumorg": "mersenneforumorg",
        "nixpkgs-stable": "nixpkgs-stable",
        "nixpkgs-unstable": "nixpkgs-unstable",
        "qnixpkgs": "qnixpkgs",
        "shellscripts": "shellscripts"
      }
    },
    "shellscripts": {
      "inputs": {
        "devshell": [
          "devshell"
        ],
        "flake-compat": [
          "flake-compat"
        ],
        "flake-utils": [
          "flake-utils"
        ],
        "nixpkgs-stable": [
          "nixpkgs-stable"
        ],
        "nixpkgs-unstable": [
          "nixpkgs-unstable"
        ],
        "qnixpkgs": [
          "qnixpkgs"
        ]
      },
      "locked": {
        "lastModified": 1672756892,
        "narHash": "sha256-ioPDTAGTBrxKTM9H3A8uwyjgoNJqAwideju8kJ96c+w=",
        "owner": "quyo",
        "repo": "shellscripts.nix",
        "rev": "8ccaeaf00f4ad61bb30f53d94bec49adb7242b94",
        "type": "github"
      },
      "original": {
        "owner": "quyo",
        "repo": "shellscripts.nix",
        "type": "github"
      }
    }
  },
  "root": "root",
  "version": 7
}
