{
  "nodes": {
    "devshell": {
      "inputs": {
        "flake-utils": [
          "flake-utils"
        ],
        "nixpkgs": [
          "nixpkgs-stable"
        ]
      },
      "locked": {
        "lastModified": 1671489820,
        "narHash": "sha256-qoei5HDJ8psd1YUPD7DhbHdhLIT9L2nadscp4Qk37uk=",
        "owner": "numtide",
        "repo": "devshell",
        "rev": "5aa3a8039c68b4bf869327446590f4cdf90bb634",
        "type": "github"
      },
      "original": {
        "owner": "numtide",
        "repo": "devshell",
        "type": "github"
      }
    },
    "flake-compat": {
      "flake": false,
      "locked": {
        "lastModified": 1668681692,
        "narHash": "sha256-Ht91NGdewz8IQLtWZ9LCeNXMSXHUss+9COoqu6JLmXU=",
        "owner": "edolstra",
        "repo": "flake-compat",
        "rev": "009399224d5e398d03b22badca40a37ac85412a1",
        "type": "github"
      },
      "original": {
        "owner": "edolstra",
        "repo": "flake-compat",
        "type": "github"
      }
    },
    "flake-utils": {
      "locked": {
        "lastModified": 1667395993,
        "narHash": "sha256-nuEHfE/LcWyuSWnS8t12N1wc105Qtau+/OdUAjtQ0rA=",
        "owner": "numtide",
        "repo": "flake-utils",
        "rev": "5aed5285a952e0b949eb3ba02c12fa4fcfef535f",
        "type": "github"
      },
      "original": {
        "owner": "numtide",
        "repo": "flake-utils",
        "type": "github"
      }
    },
    "mersenneforumorg": {
      "inputs": {
        "devshell": [
          "devshell"
        ],
        "flake-compat": [
          "flake-compat"
        ],
        "flake-utils": [
          "flake-utils"
        ],
        "nixpkgs-stable": [
          "nixpkgs-stable"
        ],
        "nixpkgs-unstable": [
          "nixpkgs-unstable"
        ],
        "qnixpkgs": [
          "qnixpkgs"
        ]
      },
      "locked": {
        "lastModified": 1671538781,
        "narHash": "sha256-pLq3T2oMcc8mw3svQG2GCTkxDhOb3pL6NUaUFUgc5w4=",
        "owner": "quyo",
        "repo": "mersenneforumorg.nix",
        "rev": "f05068e9b022ed211afca5b3229322fa07bb9b4a",
        "type": "github"
      },
      "original": {
        "owner": "quyo",
        "repo": "mersenneforumorg.nix",
        "type": "github"
      }
    },
    "nixpkgs-stable": {
      "locked": {
        "lastModified": 1672149517,
        "narHash": "sha256-AbiF9f2BCllrs+uoh/8szKztjojwQeF3W7yfTlZiV6Q=",
        "owner": "nixos",
        "repo": "nixpkgs",
        "rev": "a27ee8b364688b00710de0778a753f2339211427",
        "type": "github"
      },
      "original": {
        "owner": "nixos",
        "ref": "release-22.11",
        "repo": "nixpkgs",
        "type": "github"
      }
    },
    "nixpkgs-unstable": {
      "locked": {
        "lastModified": 1672057183,
        "narHash": "sha256-GN7/10DNNvs1FPj9tlZA2qgNdFuYKKuS3qlHTqAxasQ=",
        "owner": "nixos",
        "repo": "nixpkgs",
        "rev": "b139e44d78c36c69bcbb825b20dbfa51e7738347",
        "type": "github"
      },
      "original": {
        "owner": "nixos",
        "ref": "nixpkgs-unstable",
        "repo": "nixpkgs",
        "type": "github"
      }
    },
    "qnixpkgs": {
      "inputs": {
        "devshell": [
          "devshell"
        ],
        "flake-compat": [
          "flake-compat"
        ],
        "flake-utils": [
          "flake-utils"
        ],
        "mersenneforumorg": [
          "mersenneforumorg"
        ],
        "nixpkgs-stable": [
          "nixpkgs-stable"
        ],
        "nixpkgs-unstable": [
          "nixpkgs-unstable"
        ],
        "qnixpkgs": [
          "qnixpkgs"
        ],
        "shellscripts": [
          "shellscripts"
        ]
      },
      "locked": {
        "lastModified": 1672075436,
        "narHash": "sha256-PNB+qvltGw+FyYV6TkHwD+f19QJ/W7PW59yIlgD3NQM=",
        "owner": "quyo",
        "repo": "qnixpkgs",
        "rev": "afc87e1ddafcf737f865659f0868a1c683d369b8",
        "type": "github"
      },
      "original": {
        "owner": "quyo",
        "repo": "qnixpkgs",
        "type": "github"
      }
    },
    "root": {
      "inputs": {
        "devshell": "devshell",
        "flake-compat": "flake-compat",
        "flake-utils": "flake-utils",
        "mersenneforumorg": "mersenneforumorg",
        "nixpkgs-stable": "nixpkgs-stable",
        "nixpkgs-unstable": "nixpkgs-unstable",
        "qnixpkgs": "qnixpkgs",
        "shellscripts": "shellscripts"
      }
    },
    "shellscripts": {
      "inputs": {
        "devshell": [
          "devshell"
        ],
        "flake-compat": [
          "flake-compat"
        ],
        "flake-utils": [
          "flake-utils"
        ],
        "nixpkgs-stable": [
          "nixpkgs-stable"
        ],
        "nixpkgs-unstable": [
          "nixpkgs-unstable"
        ],
        "qnixpkgs": [
          "qnixpkgs"
        ]
      },
      "locked": {
        "lastModified": 1672150186,
        "narHash": "sha256-5bPHzy+QOwgYd98NJpLidXqlDjWfo93SXFcdiIuA850=",
        "owner": "quyo",
        "repo": "shellscripts.nix",
        "rev": "4ebcac87321e0ca5900ea3eae19098e20f9c141f",
        "type": "github"
      },
      "original": {
        "owner": "quyo",
        "repo": "shellscripts.nix",
        "type": "github"
      }
    }
  },
  "root": "root",
  "version": 7
}
