{
  "nodes": {
    "flake-utils": {
      "locked": {
        "lastModified": 1656928814,
        "narHash": "sha256-RIFfgBuKz6Hp89yRr7+NR5tzIAbn52h8vT6vXkYjZoM=",
        "owner": "numtide",
        "repo": "flake-utils",
        "rev": "7e2a3b3dfd9af950a856d66b0a7d01e3c18aa249",
        "type": "github"
      },
      "original": {
        "owner": "numtide",
        "repo": "flake-utils",
        "type": "github"
      }
    },
    "flake-utils_2": {
      "locked": {
        "lastModified": 1656928814,
        "narHash": "sha256-RIFfgBuKz6Hp89yRr7+NR5tzIAbn52h8vT6vXkYjZoM=",
        "owner": "numtide",
        "repo": "flake-utils",
        "rev": "7e2a3b3dfd9af950a856d66b0a7d01e3c18aa249",
        "type": "github"
      },
      "original": {
        "owner": "numtide",
        "repo": "flake-utils",
        "type": "github"
      }
    },
    "mersenneforumorg": {
      "inputs": {
        "flake-utils": "flake-utils_2",
        "nixpkgs": "nixpkgs"
      },
      "locked": {
        "lastModified": 1657041066,
        "narHash": "sha256-DxI4je3M1GObEqimaqUd6POTnulMTSS90ZG5yK0B22k=",
        "owner": "Samayel",
        "repo": "mersenneforumorg.nix",
        "rev": "a92b566a1027dca191b2988b1559cdf4665a0a1b",
        "type": "github"
      },
      "original": {
        "owner": "Samayel",
        "repo": "mersenneforumorg.nix",
        "type": "github"
      }
    },
    "nixpkgs": {
      "locked": {
        "lastModified": 1656858090,
        "narHash": "sha256-DutiIBEthZZ/cVMGAZ675u124s2xRlsIT/adV+7CxbM=",
        "owner": "nixos",
        "repo": "nixpkgs",
        "rev": "71d047ba0ba8a6275a14a71b0fbe7266c66681b0",
        "type": "github"
      },
      "original": {
        "owner": "nixos",
        "ref": "release-22.05",
        "repo": "nixpkgs",
        "type": "github"
      }
    },
    "nixpkgs_2": {
      "locked": {
        "lastModified": 1657041389,
        "narHash": "sha256-N64wyMO+QldhEVHU9+UG/moD8Rxs02b1PeLgwHU8CCI=",
        "owner": "nixos",
        "repo": "nixpkgs",
        "rev": "155bfc120ec10efd5a15482e4dd98302fc52415a",
        "type": "github"
      },
      "original": {
        "owner": "nixos",
        "ref": "release-22.05",
        "repo": "nixpkgs",
        "type": "github"
      }
    },
    "root": {
      "inputs": {
        "flake-utils": "flake-utils",
        "mersenneforumorg": "mersenneforumorg",
        "nixpkgs": "nixpkgs_2"
      }
    }
  },
  "root": "root",
  "version": 7
}
